
Microsoft Visual Studio Solution File, Format Version 12.00
# Visual Studio Version 16
VisualStudioVersion = 25.0.1704.5
MinimumVisualStudioVersion = 10.0.40219.1
Project("{FAE04EC0-301F-11D3-BF4B-00C04F79EFBC}") = "MyScriptureJournal", "MyScriptureJournal\MyScriptureJournal.csproj", "{77D08B00-B02F-4DE2-8DB7-7F15F42A5031}"
EndProject
Global
	GlobalSection(SolutionConfigurationPlatforms) = preSolution
		Debug|Any CPU = Debug|Any CPU
		Release|Any CPU = Release|Any CPU
	EndGlobalSection
	GlobalSection(ProjectConfigurationPlatforms) = postSolution
		{77D08B00-B02F-4DE2-8DB7-7F15F42A5031}.Debug|Any CPU.ActiveCfg = Debug|Any CPU
		{77D08B00-B02F-4DE2-8DB7-7F15F42A5031}.Debug|Any CPU.Build.0 = Debug|Any CPU
		{77D08B00-B02F-4DE2-8DB7-7F15F42A5031}.Release|Any CPU.ActiveCfg = Release|Any CPU
		{77D08B00-B02F-4DE2-8DB7-7F15F42A5031}.Release|Any CPU.Build.0 = Release|Any CPU
	EndGlobalSection
	GlobalSection(SolutionProperties) = preSolution
		HideSolutionNode = FALSE
	EndGlobalSection
	GlobalSection(ExtensibilityGlobals) = postSolution
		SolutionGuid = {177D937C-5E77-4DE3-8642-D64A522F2EF1}
	EndGlobalSection
EndGlobal
